
Microsoft Visual Studio Solution File, Format Version 12.00
# Visual Studio Version 17
VisualStudioVersion = 17.9.34622.214
MinimumVisualStudioVersion = 10.0.40219.1
Project("{FAE04EC0-301F-11D3-BF4B-00C04F79EFBC}") = "FitTracker", "FitTracker.csproj", "{988DBFDC-8FA0-49DC-9C08-6F61FD3F7DD0}"
EndProject
Global
	GlobalSection(SolutionConfigurationPlatforms) = preSolution
		Debug|Any CPU = Debug|Any CPU
		Release|Any CPU = Release|Any CPU
	EndGlobalSection
	GlobalSection(ProjectConfigurationPlatforms) = postSolution
		{988DBFDC-8FA0-49DC-9C08-6F61FD3F7DD0}.Debug|Any CPU.ActiveCfg = Debug|Any CPU
		{988DBFDC-8FA0-49DC-9C08-6F61FD3F7DD0}.Debug|Any CPU.Build.0 = Debug|Any CPU
		{988DBFDC-8FA0-49DC-9C08-6F61FD3F7DD0}.Release|Any CPU.ActiveCfg = Release|Any CPU
		{988DBFDC-8FA0-49DC-9C08-6F61FD3F7DD0}.Release|Any CPU.Build.0 = Release|Any CPU
	EndGlobalSection
	GlobalSection(SolutionProperties) = preSolution
		HideSolutionNode = FALSE
	EndGlobalSection
	GlobalSection(ExtensibilityGlobals) = postSolution
		SolutionGuid = {17EF31AA-41BD-4E0E-83F8-A1E99C26C4C7}
	EndGlobalSection
EndGlobal
